// !$*UTF8*$!
{
	archiveVersion = 1;
	classes = {
	};
	objectVersion = 56;
	objects = {

/* Begin PBXBuildFile section */
		A336A9C62AE16AE200966645 /* NotesApp.swift in Sources */ = {isa = PBXBuildFile; fileRef = A336A9C52AE16AE200966645 /* NotesApp.swift */; };
		A336A9C82AE16AE200966645 /* ContentView.swift in Sources */ = {isa = PBXBuildFile; fileRef = A336A9C72AE16AE200966645 /* ContentView.swift */; };
		A336A9CA2AE16AE300966645 /* Assets.xcassets in Resources */ = {isa = PBXBuildFile; fileRef = A336A9C92AE16AE300966645 /* Assets.xcassets */; };
		A336A9CD2AE16AE300966645 /* Preview Assets.xcassets in Resources */ = {isa = PBXBuildFile; fileRef = A336A9CC2AE16AE300966645 /* Preview Assets.xcassets */; };
		A336A9D42AE16D6E00966645 /* AddNotesView.swift in Sources */ = {isa = PBXBuildFile; fileRef = A336A9D32AE16D6E00966645 /* AddNotesView.swift */; };
		A336A9D72AE174AD00966645 /* Saved.xcdatamodeld in Sources */ = {isa = PBXBuildFile; fileRef = A336A9D52AE174AD00966645 /* Saved.xcdatamodeld */; };
		A336A9D92AE1752C00966645 /* DataController.swift in Sources */ = {isa = PBXBuildFile; fileRef = A336A9D82AE1752C00966645 /* DataController.swift */; };
		A336A9E02AE2DBF600966645 /* CalcDate.swift in Sources */ = {isa = PBXBuildFile; fileRef = A336A9DF2AE2DBF600966645 /* CalcDate.swift */; };
		A38A21F12AE3FEA500500A0A /* EditNotesView.swift in Sources */ = {isa = PBXBuildFile; fileRef = A38A21F02AE3FEA500500A0A /* EditNotesView.swift */; };
		A3C670152B113A7600774DCD /* NotesList.swift in Sources */ = {isa = PBXBuildFile; fileRef = A3C670142B113A7600774DCD /* NotesList.swift */; };
/* End PBXBuildFile section */

/* Begin PBXFileReference section */
		A336A9C22AE16AE200966645 /* Notes.app */ = {isa = PBXFileReference; explicitFileType = wrapper.application; includeInIndex = 0; path = Notes.app; sourceTree = BUILT_PRODUCTS_DIR; };
		A336A9C52AE16AE200966645 /* NotesApp.swift */ = {isa = PBXFileReference; lastKnownFileType = sourcecode.swift; path = NotesApp.swift; sourceTree = "<group>"; };
		A336A9C72AE16AE200966645 /* ContentView.swift */ = {isa = PBXFileReference; lastKnownFileType = sourcecode.swift; path = ContentView.swift; sourceTree = "<group>"; };
		A336A9C92AE16AE300966645 /* Assets.xcassets */ = {isa = PBXFileReference; lastKnownFileType = folder.assetcatalog; path = Assets.xcassets; sourceTree = "<group>"; };
		A336A9CC2AE16AE300966645 /* Preview Assets.xcassets */ = {isa = PBXFileReference; lastKnownFileType = folder.assetcatalog; path = "Preview Assets.xcassets"; sourceTree = "<group>"; };
		A336A9D32AE16D6E00966645 /* AddNotesView.swift */ = {isa = PBXFileReference; lastKnownFileType = sourcecode.swift; path = AddNotesView.swift; sourceTree = "<group>"; };
		A336A9D62AE174AD00966645 /* Saved.xcdatamodel */ = {isa = PBXFileReference; lastKnownFileType = wrapper.xcdatamodel; path = Saved.xcdatamodel; sourceTree = "<group>"; };
		A336A9D82AE1752C00966645 /* DataController.swift */ = {isa = PBXFileReference; lastKnownFileType = sourcecode.swift; path = DataController.swift; sourceTree = "<group>"; };
		A336A9DF2AE2DBF600966645 /* CalcDate.swift */ = {isa = PBXFileReference; lastKnownFileType = sourcecode.swift; path = CalcDate.swift; sourceTree = "<group>"; };
		A38A21F02AE3FEA500500A0A /* EditNotesView.swift */ = {isa = PBXFileReference; lastKnownFileType = sourcecode.swift; path = EditNotesView.swift; sourceTree = "<group>"; };
		A3C670142B113A7600774DCD /* NotesList.swift */ = {isa = PBXFileReference; lastKnownFileType = sourcecode.swift; path = NotesList.swift; sourceTree = "<group>"; };
/* End PBXFileReference section */

/* Begin PBXFrameworksBuildPhase section */
		A336A9BF2AE16AE200966645 /* Frameworks */ = {
			isa = PBXFrameworksBuildPhase;
			buildActionMask = 2147483647;
			files = (
			);
			runOnlyForDeploymentPostprocessing = 0;
		};
/* End PBXFrameworksBuildPhase section */

/* Begin PBXGroup section */
		A336A9B92AE16AE200966645 = {
			isa = PBXGroup;
			children = (
				A336A9C52AE16AE200966645 /* NotesApp.swift */,
				A336A9C42AE16AE200966645 /* Notes */,
				A336A9C32AE16AE200966645 /* Products */,
			);
			sourceTree = "<group>";
		};
		A336A9C32AE16AE200966645 /* Products */ = {
			isa = PBXGroup;
			children = (
				A336A9C22AE16AE200966645 /* Notes.app */,
			);
			name = Products;
			sourceTree = "<group>";
		};
		A336A9C42AE16AE200966645 /* Notes */ = {
			isa = PBXGroup;
			children = (
				A336A9C72AE16AE200966645 /* ContentView.swift */,
				A3C670142B113A7600774DCD /* NotesList.swift */,
				A336A9D32AE16D6E00966645 /* AddNotesView.swift */,
				A38A21F02AE3FEA500500A0A /* EditNotesView.swift */,
				A336A9DA2AE186D400966645 /* DataModel */,
				A336A9C92AE16AE300966645 /* Assets.xcassets */,
				A336A9CB2AE16AE300966645 /* Preview Content */,
			);
			path = Notes;
			sourceTree = "<group>";
		};
		A336A9CB2AE16AE300966645 /* Preview Content */ = {
			isa = PBXGroup;
			children = (
				A336A9CC2AE16AE300966645 /* Preview Assets.xcassets */,
			);
			path = "Preview Content";
			sourceTree = "<group>";
		};
		A336A9DA2AE186D400966645 /* DataModel */ = {
			isa = PBXGroup;
			children = (
				A336A9D52AE174AD00966645 /* Saved.xcdatamodeld */,
				A336A9D82AE1752C00966645 /* DataController.swift */,
				A38A21F22AE4124200500A0A /* Helper */,
			);
			path = DataModel;
			sourceTree = "<group>";
		};
		A38A21F22AE4124200500A0A /* Helper */ = {
			isa = PBXGroup;
			children = (
				A336A9DF2AE2DBF600966645 /* CalcDate.swift */,
			);
			path = Helper;
			sourceTree = "<group>";
		};
/* End PBXGroup section */

/* Begin PBXNativeTarget section */
		A336A9C12AE16AE200966645 /* Notes */ = {
			isa = PBXNativeTarget;
			buildConfigurationList = A336A9D02AE16AE400966645 /* Build configuration list for PBXNativeTarget "Notes" */;
			buildPhases = (
				A336A9BE2AE16AE200966645 /* Sources */,
				A336A9BF2AE16AE200966645 /* Frameworks */,
				A336A9C02AE16AE200966645 /* Resources */,
			);
			buildRules = (
			);
			dependencies = (
			);
			name = Notes;
			productName = Notes;
			productReference = A336A9C22AE16AE200966645 /* Notes.app */;
			productType = "com.apple.product-type.application";
		};
/* End PBXNativeTarget section */

/* Begin PBXProject section */
		A336A9BA2AE16AE200966645 /* Project object */ = {
			isa = PBXProject;
			attributes = {
				BuildIndependentTargetsInParallel = 1;
				LastSwiftUpdateCheck = 1420;
				LastUpgradeCheck = 1500;
				TargetAttributes = {
					A336A9C12AE16AE200966645 = {
						CreatedOnToolsVersion = 14.2;
					};
				};
			};
			buildConfigurationList = A336A9BD2AE16AE200966645 /* Build configuration list for PBXProject "Notes" */;
			compatibilityVersion = "Xcode 14.0";
			developmentRegion = en;
			hasScannedForEncodings = 0;
			knownRegions = (
				en,
				Base,
			);
			mainGroup = A336A9B92AE16AE200966645;
			productRefGroup = A336A9C32AE16AE200966645 /* Products */;
			projectDirPath = "";
			projectRoot = "";
			targets = (
				A336A9C12AE16AE200966645 /* Notes */,
			);
		};
/* End PBXProject section */

/* Begin PBXResourcesBuildPhase section */
		A336A9C02AE16AE200966645 /* Resources */ = {
			isa = PBXResourcesBuildPhase;
			buildActionMask = 2147483647;
			files = (
				A336A9CD2AE16AE300966645 /* Preview Assets.xcassets in Resources */,
				A336A9CA2AE16AE300966645 /* Assets.xcassets in Resources */,
			);
			runOnlyForDeploymentPostprocessing = 0;
		};
/* End PBXResourcesBuildPhase section */

/* Begin PBXSourcesBuildPhase section */
		A336A9BE2AE16AE200966645 /* Sources */ = {
			isa = PBXSourcesBuildPhase;
			buildActionMask = 2147483647;
			files = (
				A336A9D92AE1752C00966645 /* DataController.swift in Sources */,
				A336A9C82AE16AE200966645 /* ContentView.swift in Sources */,
				A336A9E02AE2DBF600966645 /* CalcDate.swift in Sources */,
				A336A9D72AE174AD00966645 /* Saved.xcdatamodeld in Sources */,
				A38A21F12AE3FEA500500A0A /* EditNotesView.swift in Sources */,
				A336A9C62AE16AE200966645 /* NotesApp.swift in Sources */,
				A336A9D42AE16D6E00966645 /* AddNotesView.swift in Sources */,
				A3C670152B113A7600774DCD /* NotesList.swift in Sources */,
			);
			runOnlyForDeploymentPostprocessing = 0;
		};
/* End PBXSourcesBuildPhase section */

/* Begin XCBuildConfiguration section */
		A336A9CE2AE16AE300966645 /* Debug */ = {
			isa = XCBuildConfiguration;
			buildSettings = {
				ALWAYS_SEARCH_USER_PATHS = NO;
				CLANG_ANALYZER_NONNULL = YES;
				CLANG_ANALYZER_NUMBER_OBJECT_CONVERSION = YES_AGGRESSIVE;
				CLANG_CXX_LANGUAGE_STANDARD = "gnu++20";
				CLANG_ENABLE_MODULES = YES;
				CLANG_ENABLE_OBJC_ARC = YES;
				CLANG_ENABLE_OBJC_WEAK = YES;
				CLANG_WARN_BLOCK_CAPTURE_AUTORELEASING = YES;
				CLANG_WARN_BOOL_CONVERSION = YES;
				CLANG_WARN_COMMA = YES;
				CLANG_WARN_CONSTANT_CONVERSION = YES;
				CLANG_WARN_DEPRECATED_OBJC_IMPLEMENTATIONS = YES;
				CLANG_WARN_DIRECT_OBJC_ISA_USAGE = YES_ERROR;
				CLANG_WARN_DOCUMENTATION_COMMENTS = YES;
				CLANG_WARN_EMPTY_BODY = YES;
				CLANG_WARN_ENUM_CONVERSION = YES;
				CLANG_WARN_INFINITE_RECURSION = YES;
				CLANG_WARN_INT_CONVERSION = YES;
				CLANG_WARN_NON_LITERAL_NULL_CONVERSION = YES;
				CLANG_WARN_OBJC_IMPLICIT_RETAIN_SELF = YES;
				CLANG_WARN_OBJC_LITERAL_CONVERSION = YES;
				CLANG_WARN_OBJC_ROOT_CLASS = YES_ERROR;
				CLANG_WARN_QUOTED_INCLUDE_IN_FRAMEWORK_HEADER = YES;
				CLANG_WARN_RANGE_LOOP_ANALYSIS = YES;
				CLANG_WARN_STRICT_PROTOTYPES = YES;
				CLANG_WARN_SUSPICIOUS_MOVE = YES;
				CLANG_WARN_UNGUARDED_AVAILABILITY = YES_AGGRESSIVE;
				CLANG_WARN_UNREACHABLE_CODE = YES;
				CLANG_WARN__DUPLICATE_METHOD_MATCH = YES;
				COPY_PHASE_STRIP = NO;
				DEBUG_INFORMATION_FORMAT = dwarf;
				ENABLE_STRICT_OBJC_MSGSEND = YES;
				ENABLE_TESTABILITY = YES;
				ENABLE_USER_SCRIPT_SANDBOXING = YES;
				GCC_C_LANGUAGE_STANDARD = gnu11;
				GCC_DYNAMIC_NO_PIC = NO;
				GCC_NO_COMMON_BLOCKS = YES;
				GCC_OPTIMIZATION_LEVEL = 0;
				GCC_PREPROCESSOR_DEFINITIONS = (
					"DEBUG=1",
					"$(inherited)",
				);
				GCC_WARN_64_TO_32_BIT_CONVERSION = YES;
				GCC_WARN_ABOUT_RETURN_TYPE = YES_ERROR;
				GCC_WARN_UNDECLARED_SELECTOR = YES;
				GCC_WARN_UNINITIALIZED_AUTOS = YES_AGGRESSIVE;
				GCC_WARN_UNUSED_FUNCTION = YES;
				GCC_WARN_UNUSED_VARIABLE = YES;
				IPHONEOS_DEPLOYMENT_TARGET = 16.2;
				MTL_ENABLE_DEBUG_INFO = INCLUDE_SOURCE;
				MTL_FAST_MATH = YES;
				ONLY_ACTIVE_ARCH = YES;
				SDKROOT = iphoneos;
				SWIFT_ACTIVE_COMPILATION_CONDITIONS = DEBUG;
				SWIFT_OPTIMIZATION_LEVEL = "-Onone";
			};
			name = Debug;
		};
		A336A9CF2AE16AE300966645 /* Release */ = {
			isa = XCBuildConfiguration;
			buildSettings = {
				ALWAYS_SEARCH_USER_PATHS = NO;
				CLANG_ANALYZER_NONNULL = YES;
				CLANG_ANALYZER_NUMBER_OBJECT_CONVERSION = YES_AGGRESSIVE;
				CLANG_CXX_LANGUAGE_STANDARD = "gnu++20";
				CLANG_ENABLE_MODULES = YES;
				CLANG_ENABLE_OBJC_ARC = YES;
				CLANG_ENABLE_OBJC_WEAK = YES;
				CLANG_WARN_BLOCK_CAPTURE_AUTORELEASING = YES;
				CLANG_WARN_BOOL_CONVERSION = YES;
				CLANG_WARN_COMMA = YES;
				CLANG_WARN_CONSTANT_CONVERSION = YES;
				CLANG_WARN_DEPRECATED_OBJC_IMPLEMENTATIONS = YES;
				CLANG_WARN_DIRECT_OBJC_ISA_USAGE = YES_ERROR;
				CLANG_WARN_DOCUMENTATION_COMMENTS = YES;
				CLANG_WARN_EMPTY_BODY = YES;
				CLANG_WARN_ENUM_CONVERSION = YES;
				CLANG_WARN_INFINITE_RECURSION = YES;
				CLANG_WARN_INT_CONVERSION = YES;
				CLANG_WARN_NON_LITERAL_NULL_CONVERSION = YES;
				CLANG_WARN_OBJC_IMPLICIT_RETAIN_SELF = YES;
				CLANG_WARN_OBJC_LITERAL_CONVERSION = YES;
				CLANG_WARN_OBJC_ROOT_CLASS = YES_ERROR;
				CLANG_WARN_QUOTED_INCLUDE_IN_FRAMEWORK_HEADER = YES;
				CLANG_WARN_RANGE_LOOP_ANALYSIS = YES;
				CLANG_WARN_STRICT_PROTOTYPES = YES;
				CLANG_WARN_SUSPICIOUS_MOVE = YES;
				CLANG_WARN_UNGUARDED_AVAILABILITY = YES_AGGRESSIVE;
				CLANG_WARN_UNREACHABLE_CODE = YES;
				CLANG_WARN__DUPLICATE_METHOD_MATCH = YES;
				COPY_PHASE_STRIP = NO;
				DEBUG_INFORMATION_FORMAT = "dwarf-with-dsym";
				ENABLE_NS_ASSERTIONS = NO;
				ENABLE_STRICT_OBJC_MSGSEND = YES;
				ENABLE_USER_SCRIPT_SANDBOXING = YES;
				GCC_C_LANGUAGE_STANDARD = gnu11;
				GCC_NO_COMMON_BLOCKS = YES;
				GCC_WARN_64_TO_32_BIT_CONVERSION = YES;
				GCC_WARN_ABOUT_RETURN_TYPE = YES_ERROR;
				GCC_WARN_UNDECLARED_SELECTOR = YES;
				GCC_WARN_UNINITIALIZED_AUTOS = YES_AGGRESSIVE;
				GCC_WARN_UNUSED_FUNCTION = YES;
				GCC_WARN_UNUSED_VARIABLE = YES;
				IPHONEOS_DEPLOYMENT_TARGET = 16.2;
				MTL_ENABLE_DEBUG_INFO = NO;
				MTL_FAST_MATH = YES;
				SDKROOT = iphoneos;
				SWIFT_COMPILATION_MODE = wholemodule;
				SWIFT_OPTIMIZATION_LEVEL = "-O";
				VALIDATE_PRODUCT = YES;
			};
			name = Release;
		};
		A336A9D12AE16AE400966645 /* Debug */ = {
			isa = XCBuildConfiguration;
			buildSettings = {
				ASSETCATALOG_COMPILER_APPICON_NAME = AppIcon;
				ASSETCATALOG_COMPILER_GLOBAL_ACCENT_COLOR_NAME = AccentColor;
				CODE_SIGN_STYLE = Automatic;
				CURRENT_PROJECT_VERSION = 1;
				DEVELOPMENT_ASSET_PATHS = "\"Notes/Preview Content\"";
				DEVELOPMENT_TEAM = AY67SH6G8L;
				ENABLE_PREVIEWS = YES;
				GENERATE_INFOPLIST_FILE = YES;
				INFOPLIST_KEY_UIApplicationSceneManifest_Generation = YES;
				INFOPLIST_KEY_UIApplicationSupportsIndirectInputEvents = YES;
				INFOPLIST_KEY_UILaunchScreen_Generation = YES;
				INFOPLIST_KEY_UISupportedInterfaceOrientations_iPad = "UIInterfaceOrientationPortrait UIInterfaceOrientationPortraitUpsideDown UIInterfaceOrientationLandscapeLeft UIInterfaceOrientationLandscapeRight";
				INFOPLIST_KEY_UISupportedInterfaceOrientations_iPhone = "UIInterfaceOrientationPortrait UIInterfaceOrientationLandscapeLeft UIInterfaceOrientationLandscapeRight";
				LD_RUNPATH_SEARCH_PATHS = (
					"$(inherited)",
					"@executable_path/Frameworks",
				);
				MARKETING_VERSION = 1.0;
				PRODUCT_BUNDLE_IDENTIFIER = None.Notes;
				PRODUCT_NAME = "$(TARGET_NAME)";
				SWIFT_EMIT_LOC_STRINGS = YES;
				SWIFT_VERSION = 5.0;
				TARGETED_DEVICE_FAMILY = "1,2";
			};
			name = Debug;
		};
		A336A9D22AE16AE400966645 /* Release */ = {
			isa = XCBuildConfiguration;
			buildSettings = {
				ASSETCATALOG_COMPILER_APPICON_NAME = AppIcon;
				ASSETCATALOG_COMPILER_GLOBAL_ACCENT_COLOR_NAME = AccentColor;
				CODE_SIGN_STYLE = Automatic;
				CURRENT_PROJECT_VERSION = 1;
				DEVELOPMENT_ASSET_PATHS = "\"Notes/Preview Content\"";
				DEVELOPMENT_TEAM = AY67SH6G8L;
				ENABLE_PREVIEWS = YES;
				GENERATE_INFOPLIST_FILE = YES;
				INFOPLIST_KEY_UIApplicationSceneManifest_Generation = YES;
				INFOPLIST_KEY_UIApplicationSupportsIndirectInputEvents = YES;
				INFOPLIST_KEY_UILaunchScreen_Generation = YES;
				INFOPLIST_KEY_UISupportedInterfaceOrientations_iPad = "UIInterfaceOrientationPortrait UIInterfaceOrientationPortraitUpsideDown UIInterfaceOrientationLandscapeLeft UIInterfaceOrientationLandscapeRight";
				INFOPLIST_KEY_UISupportedInterfaceOrientations_iPhone = "UIInterfaceOrientationPortrait UIInterfaceOrientationLandscapeLeft UIInterfaceOrientationLandscapeRight";
				LD_RUNPATH_SEARCH_PATHS = (
					"$(inherited)",
					"@executable_path/Frameworks",
				);
				MARKETING_VERSION = 1.0;
				PRODUCT_BUNDLE_IDENTIFIER = None.Notes;
				PRODUCT_NAME = "$(TARGET_NAME)";
				SWIFT_EMIT_LOC_STRINGS = YES;
				SWIFT_VERSION = 5.0;
				TARGETED_DEVICE_FAMILY = "1,2";
			};
			name = Release;
		};
/* End XCBuildConfiguration section */

/* Begin XCConfigurationList section */
		A336A9BD2AE16AE200966645 /* Build configuration list for PBXProject "Notes" */ = {
			isa = XCConfigurationList;
			buildConfigurations = (
				A336A9CE2AE16AE300966645 /* Debug */,
				A336A9CF2AE16AE300966645 /* Release */,
			);
			defaultConfigurationIsVisible = 0;
			defaultConfigurationName = Release;
		};
		A336A9D02AE16AE400966645 /* Build configuration list for PBXNativeTarget "Notes" */ = {
			isa = XCConfigurationList;
			buildConfigurations = (
				A336A9D12AE16AE400966645 /* Debug */,
				A336A9D22AE16AE400966645 /* Release */,
			);
			defaultConfigurationIsVisible = 0;
			defaultConfigurationName = Release;
		};
/* End XCConfigurationList section */

/* Begin XCVersionGroup section */
		A336A9D52AE174AD00966645 /* Saved.xcdatamodeld */ = {
			isa = XCVersionGroup;
			children = (
				A336A9D62AE174AD00966645 /* Saved.xcdatamodel */,
			);
			currentVersion = A336A9D62AE174AD00966645 /* Saved.xcdatamodel */;
			path = Saved.xcdatamodeld;
			sourceTree = "<group>";
			versionGroupType = wrapper.xcdatamodel;
		};
/* End XCVersionGroup section */
	};
	rootObject = A336A9BA2AE16AE200966645 /* Project object */;
}
